
Microsoft Visual Studio Solution File, Format Version 12.00
# Visual Studio Version 16
VisualStudioVersion = 16.0.31129.286
MinimumVisualStudioVersion = 10.0.40219.1
Project("{FAE04EC0-301F-11D3-BF4B-00C04F79EFBC}") = "GetCapital.TodoList.UI", "GetCapital.TodoList.UI\GetCapital.TodoList.UI.csproj", "{A9ECAC86-40F8-44E3-B6F2-93B16CE8CC1B}"
EndProject
Project("{FAE04EC0-301F-11D3-BF4B-00C04F79EFBC}") = "GetCapital.TodoList.Tests", "GetCapital.TodoList.Tests\GetCapital.TodoList.Tests.csproj", "{11296212-CD34-475D-8D0E-F5D397429B55}"
EndProject
Project("{FAE04EC0-301F-11D3-BF4B-00C04F79EFBC}") = "GetCapital.TodoList.Application", "GetCapital.TodoList.Application\GetCapital.TodoList.Application.csproj", "{5AFA1486-8357-4BC1-AC17-83BB745CE249}"
EndProject
Global
	GlobalSection(SolutionConfigurationPlatforms) = preSolution
		Debug|Any CPU = Debug|Any CPU
		Release|Any CPU = Release|Any CPU
	EndGlobalSection
	GlobalSection(ProjectConfigurationPlatforms) = postSolution
		{A9ECAC86-40F8-44E3-B6F2-93B16CE8CC1B}.Debug|Any CPU.ActiveCfg = Debug|Any CPU
		{A9ECAC86-40F8-44E3-B6F2-93B16CE8CC1B}.Debug|Any CPU.Build.0 = Debug|Any CPU
		{A9ECAC86-40F8-44E3-B6F2-93B16CE8CC1B}.Release|Any CPU.ActiveCfg = Release|Any CPU
		{A9ECAC86-40F8-44E3-B6F2-93B16CE8CC1B}.Release|Any CPU.Build.0 = Release|Any CPU
		{11296212-CD34-475D-8D0E-F5D397429B55}.Debug|Any CPU.ActiveCfg = Debug|Any CPU
		{11296212-CD34-475D-8D0E-F5D397429B55}.Debug|Any CPU.Build.0 = Debug|Any CPU
		{11296212-CD34-475D-8D0E-F5D397429B55}.Release|Any CPU.ActiveCfg = Release|Any CPU
		{11296212-CD34-475D-8D0E-F5D397429B55}.Release|Any CPU.Build.0 = Release|Any CPU
		{5AFA1486-8357-4BC1-AC17-83BB745CE249}.Debug|Any CPU.ActiveCfg = Debug|Any CPU
		{5AFA1486-8357-4BC1-AC17-83BB745CE249}.Debug|Any CPU.Build.0 = Debug|Any CPU
		{5AFA1486-8357-4BC1-AC17-83BB745CE249}.Release|Any CPU.ActiveCfg = Release|Any CPU
		{5AFA1486-8357-4BC1-AC17-83BB745CE249}.Release|Any CPU.Build.0 = Release|Any CPU
	EndGlobalSection
	GlobalSection(SolutionProperties) = preSolution
		HideSolutionNode = FALSE
	EndGlobalSection
	GlobalSection(ExtensibilityGlobals) = postSolution
		SolutionGuid = {8FE8CCEA-677D-487C-BBB2-77F3E911A28B}
	EndGlobalSection
EndGlobal
